
Microsoft Visual Studio Solution File, Format Version 12.00
# Visual Studio 2013
VisualStudioVersion = 12.0.21005.1
Project("{FAE04EC0-301F-11D3-BF4B-00C04F79EFBC}") = "ComSvcConfig", "ndp\cdf\src\WCF\Tools\comsvcutil\ComSvcConfig.csproj", "{c5112ae5-a345-4aa9-9cb5-a1814b98c34d}"
EndProject
Project("{FAE04EC0-301F-11D3-BF4B-00C04F79EFBC}") = "mscorlib", "ndp\clr\src\bcl\mscorlib.csproj", "{20f34c38-8c60-44e7-b703-0e341d274957}"
EndProject
Project("{FAE04EC0-301F-11D3-BF4B-00C04F79EFBC}") = "PresentationBuildTasks", "wpf\src\PresentationBuildTasks.csproj", "{35e4acf8-e1f8-47f8-b872-2dbc7e566790}"
EndProject
Project("{FAE04EC0-301F-11D3-BF4B-00C04F79EFBC}") = "PresentationCore", "wpf\src\PresentationCore.csproj", "{4983754d-64d8-48fc-ae21-676567936d79}"
EndProject
Project("{FAE04EC0-301F-11D3-BF4B-00C04F79EFBC}") = "PresentationFramework", "wpf\PresentationFramework.csproj", "{cb83c57e-4d72-433d-be1b-765aa7139a06}"
EndProject
Project("{FAE04EC0-301F-11D3-BF4B-00C04F79EFBC}") = "PresentationFramework.Aero", "wpf\src\Themes\Aero\PresentationFramework.Aero.csproj", "{cf086876-28cd-4201-86d0-78528144e3dc}"
EndProject
Project("{FAE04EC0-301F-11D3-BF4B-00C04F79EFBC}") = "PresentationFramework.Classic", "wpf\src\Themes\Classic\PresentationFramework.Classic.csproj", "{0e7f83a1-3bae-4ca8-b2cd-7379f7b3775d}"
EndProject
Project("{FAE04EC0-301F-11D3-BF4B-00C04F79EFBC}") = "PresentationFramework.Luna", "wpf\src\Themes\Luna\PresentationFramework.Luna.csproj", "{f7c4db5c-ab28-46f1-85c0-477bb710cc9f}"
EndProject
Project("{FAE04EC0-301F-11D3-BF4B-00C04F79EFBC}") = "PresentationFramework.Royale", "wpf\src\Themes\Royale\PresentationFramework.Royale.csproj", "{c54fdd02-a068-46d5-9710-6abb520f6b5b}"
EndProject
Project("{FAE04EC0-301F-11D3-BF4B-00C04F79EFBC}") = "SMDiagnostics", "ndp\cdf\src\WCF\SMDiagnostics\SMDiagnostics.csproj", "{1070e2f7-add6-4359-92dc-19ade9c40d83}"
EndProject
Project("{FAE04EC0-301F-11D3-BF4B-00C04F79EFBC}") = "SMSvcHost", "ndp\cdf\src\WCF\SMSvcHost\SMSvcHost.csproj", "{9b809cfb-fc17-4005-abb1-ff1bb5ab1a49}"
EndProject
Project("{FAE04EC0-301F-11D3-BF4B-00C04F79EFBC}") = "svcutil", "ndp\cdf\src\WCF\Tools\svcutil\svcutil.csproj", "{7e56c267-f8c4-47e0-be1c-93829eda2820}"
EndProject
Project("{FAE04EC0-301F-11D3-BF4B-00C04F79EFBC}") = "System", "ndp\fx\src\System.csproj", "{85716da4-9fb2-4f44-9c4d-b7431fdf1b20}"
EndProject
Project("{FAE04EC0-301F-11D3-BF4B-00C04F79EFBC}") = "System.Activities", "ndp\cdf\src\NetFx40\System.Activities\System.Activities.csproj", "{59e7e7e8-a103-43a3-8132-fe5eca7584d4}"
EndProject
Project("{FAE04EC0-301F-11D3-BF4B-00C04F79EFBC}") = "System.Activities.Core.Presentation", "ndp\cdf\src\NetFx40\Tools\System.Activities.Core.Presentation\System.Activities.Core.Presentation.csproj", "{b3f4f7f6-7ad8-4432-92d2-e24e16475362}"
EndProject
Project("{FAE04EC0-301F-11D3-BF4B-00C04F79EFBC}") = "System.Activities.DurableInstancing", "ndp\cdf\src\NetFx40\System.Activities.DurableInstancing\System.Activities.DurableInstancing.csproj", "{a6d57729-f0ab-4a58-a9b1-f925cf18fd02}"
EndProject
Project("{FAE04EC0-301F-11D3-BF4B-00C04F79EFBC}") = "System.Activities.Presentation", "ndp\cdf\src\NetFx40\Tools\System.Activities.Presentation.csproj", "{e6239f0b-37bd-4884-b860-8b83b55e7093}"
EndProject
Project("{FAE04EC0-301F-11D3-BF4B-00C04F79EFBC}") = "System.AddIn", "ndp\fx\src\AddIn\AddIn\System.AddIn.csproj", "{eb894485-96e2-4d96-ad6d-934864a39175}"
EndProject
Project("{FAE04EC0-301F-11D3-BF4B-00C04F79EFBC}") = "System.AddIn.Contract", "ndp\fx\src\AddIn\Contract\System.AddIn.Contract.csproj", "{090ae742-124e-4ff2-9b26-624c4bca0205}"
EndProject
Project("{FAE04EC0-301F-11D3-BF4B-00C04F79EFBC}") = "System.ComponentModel.DataAnnotations", "ndp\fx\src\xsp\system\DataAnnotations\System.ComponentModel.DataAnnotations.csproj", "{f4a8494d-927c-497e-b180-04c54468c8c2}"
EndProject
Project("{FAE04EC0-301F-11D3-BF4B-00C04F79EFBC}") = "System.Configuration", "ndp\fx\src\Configuration\System.Configuration.csproj", "{a4d7a44f-817d-4fad-ba6a-076580aadfbe}"
EndProject
Project("{FAE04EC0-301F-11D3-BF4B-00C04F79EFBC}") = "System.Core", "ndp\fx\src\Core\System.Core.csproj", "{1d8f39aa-9297-49e4-8f18-cea8f165d7c4}"
EndProject
Project("{FAE04EC0-301F-11D3-BF4B-00C04F79EFBC}") = "System.Data", "ndp\fx\src\data\System.Data.csproj", "{6c5dd4f8-ed35-4f22-b8dc-4489d2c3dfaa}"
EndProject
Project("{FAE04EC0-301F-11D3-BF4B-00C04F79EFBC}") = "System.Data.DataSetExtensions", "ndp\fx\src\DataSet\System.Data.DataSetExtensions.csproj", "{f50bc490-9025-4723-ae4c-61d781ea162d}"
EndProject
Project("{FAE04EC0-301F-11D3-BF4B-00C04F79EFBC}") = "System.Data.Entity", "ndp\fx\src\DataEntity\System.Data.Entity.csproj", "{3a333785-9f6f-4973-8a33-e6439f6d9275}"
EndProject
Project("{FAE04EC0-301F-11D3-BF4B-00C04F79EFBC}") = "System.Data.Entity.Design", "ndp\fx\src\DataEntityDesign\Design\System.Data.Entity.Design.csproj", "{aa1cde9c-fee1-4eb0-adef-76728d72a09a}"
EndProject
Project("{FAE04EC0-301F-11D3-BF4B-00C04F79EFBC}") = "System.Data.Linq", "ndp\fx\src\DLinq\Dlinq\System.Data.Linq.csproj", "{73665ed1-85ca-4492-beab-6c9ffe3fb236}"
EndProject
Project("{FAE04EC0-301F-11D3-BF4B-00C04F79EFBC}") = "System.Data.Services", "ndp\fx\src\DataWeb\Server\System.Data.Services.csproj", "{abfdbe37-4857-49fa-ba87-c00a49533029}"
EndProject
Project("{FAE04EC0-301F-11D3-BF4B-00C04F79EFBC}") = "System.Data.Services.Client", "ndp\fx\src\DataWeb\Client\System.Data.Services.Client.csproj", "{cb516c27-877a-4a2e-86b2-6ddcd8ab05e7}"
EndProject
Project("{FAE04EC0-301F-11D3-BF4B-00C04F79EFBC}") = "System.Data.Services.Design", "ndp\fx\src\DataWeb\Design\System.Data.Services.Design.csproj", "{6dd9b2af-9310-4b21-b71f-93f86917f7f8}"
EndProject
Project("{FAE04EC0-301F-11D3-BF4B-00C04F79EFBC}") = "System.Data.SqlXml", "ndp\fx\src\XmlUtils\System.Data.SqlXml.csproj", "{331794d1-c7fd-4089-ab00-c474a23af33f}"
EndProject
Project("{FAE04EC0-301F-11D3-BF4B-00C04F79EFBC}") = "System.Drawing", "ndp\fx\src\System.Drawing.csproj", "{712ac13c-4586-461b-9626-7c107a6981eb}"
EndProject
Project("{FAE04EC0-301F-11D3-BF4B-00C04F79EFBC}") = "System.IdentityModel", "ndp\cdf\src\WCF\IdentityModel\System.IdentityModel.csproj", "{0284f85e-1f27-4712-aca4-f427910003de}"
EndProject
Project("{FAE04EC0-301F-11D3-BF4B-00C04F79EFBC}") = "System.IdentityModel.Selectors", "ndp\cdf\src\WCF\System.IdentityModel.Selectors.csproj", "{54955d38-2f10-409a-a775-8302ade2713e}"
EndProject
Project("{FAE04EC0-301F-11D3-BF4B-00C04F79EFBC}") = "System.IO.Compression.FileSystem", "ndp\fx\src\System.IO.Compression.FileSystem.csproj", "{f7835c84-83ca-4ffd-bd99-67fcc8fd6aaa}"
EndProject
Project("{FAE04EC0-301F-11D3-BF4B-00C04F79EFBC}") = "System.IO.Log", "ndp\cdf\src\NetFx35\System.IO.Log\System.IO.Log.csproj", "{7a3bdb69-b007-4984-9616-7b5a7628abe7}"
EndProject
Project("{FAE04EC0-301F-11D3-BF4B-00C04F79EFBC}") = "System.Management", "ndp\fx\src\wmi\managed\System\Management\System.Management.csproj", "{da04f808-7085-40db-ada1-d8f97011c479}"
EndProject
Project("{FAE04EC0-301F-11D3-BF4B-00C04F79EFBC}") = "System.Messaging", "ndp\cdf\src\NetFx20\System.Messaging\System.Messaging.csproj", "{99e9a945-5ef4-456d-ae02-118fce806cd2}"
EndProject
Project("{FAE04EC0-301F-11D3-BF4B-00C04F79EFBC}") = "System.Net", "ndp\fx\src\SystemNet\System.Net.csproj", "{17622602-1425-4af8-b4dd-7e41f79e862c}"
EndProject
Project("{FAE04EC0-301F-11D3-BF4B-00C04F79EFBC}") = "System.Numerics", "ndp\fx\src\Numerics\System.Numerics.csproj", "{f0ca4b3a-b8c2-437f-9ff9-22372619dc9f}"
EndProject
Project("{FAE04EC0-301F-11D3-BF4B-00C04F79EFBC}") = "System.Runtime.Caching", "ndp\fx\src\Caching\System.Runtime.Caching.csproj", "{fee48dab-6830-4ae6-97d5-d2bdaaafa80e}"
EndProject
Project("{FAE04EC0-301F-11D3-BF4B-00C04F79EFBC}") = "System.Runtime.DurableInstancing", "ndp\cdf\src\NetFx40\System.Runtime.DurableInstancing\System.Runtime.DurableInstancing.csproj", "{d81d7289-7d3d-4ee9-8665-cf8e10ccbad5}"
EndProject
Project("{FAE04EC0-301F-11D3-BF4B-00C04F79EFBC}") = "System.Runtime.Remoting", "ndp\clr\src\managedlibraries\remoting\System.Runtime.Remoting.csproj", "{cb8f1986-8e4c-4150-abb1-7c47ebd175e1}"
EndProject
Project("{FAE04EC0-301F-11D3-BF4B-00C04F79EFBC}") = "System.Runtime.Serialization", "ndp\cdf\src\WCF\Serialization\System.Runtime.Serialization.csproj", "{8406a9a0-29c6-469d-b31f-ad24fdd85828}"
EndProject
Project("{FAE04EC0-301F-11D3-BF4B-00C04F79EFBC}") = "System.Security", "ndp\clr\src\managedlibraries\security\System.Security.csproj", "{6cf2ea71-7eb3-48ae-8938-3edf77bb9412}"
EndProject
Project("{FAE04EC0-301F-11D3-BF4B-00C04F79EFBC}") = "System.ServiceModel", "ndp\cdf\src\WCF\ServiceModel\System.ServiceModel.csproj", "{7f4a1386-22dd-4df2-b362-15e502a4a6b5}"
EndProject
Project("{FAE04EC0-301F-11D3-BF4B-00C04F79EFBC}") = "System.ServiceModel.Activation", "ndp\cdf\src\WCF\System.ServiceModel.Activation\System.ServiceModel.Activation.csproj", "{6d6be19a-1ec8-470a-b7af-2094f7930fda}"
EndProject
Project("{FAE04EC0-301F-11D3-BF4B-00C04F79EFBC}") = "System.ServiceModel.Activities", "ndp\cdf\src\NetFx40\System.ServiceModel.Activities\System.ServiceModel.Activities.csproj", "{96291d94-123c-4e51-83bb-e9d3cff123bc}"
EndProject
Project("{FAE04EC0-301F-11D3-BF4B-00C04F79EFBC}") = "System.ServiceModel.Channels", "ndp\cdf\src\NetFx40\System.ServiceModel.Channels\System.ServiceModel.Channels.csproj", "{98999593-7c87-4def-8a1a-d83581d7d0d8}"
EndProject
Project("{FAE04EC0-301F-11D3-BF4B-00C04F79EFBC}") = "System.ServiceModel.Discovery", "ndp\cdf\src\NetFx40\System.ServiceModel.Discovery\System.ServiceModel.Discovery.csproj", "{c9e85e15-a37f-4b29-b41c-f7f415ee9e5d}"
EndProject
Project("{FAE04EC0-301F-11D3-BF4B-00C04F79EFBC}") = "System.ServiceModel.Internals", "ndp\cdf\src\System.ServiceModel.Internals\System.ServiceModel.Internals.csproj", "{01dc86fb-e3cd-4b78-b584-7dba90eb3a6e}"
EndProject
Project("{FAE04EC0-301F-11D3-BF4B-00C04F79EFBC}") = "System.ServiceModel.Routing", "ndp\cdf\src\NetFx40\System.ServiceModel.Routing\System.ServiceModel.Routing.csproj", "{b447ae2b-899a-4de0-a583-1c64f2a74782}"
EndProject
Project("{FAE04EC0-301F-11D3-BF4B-00C04F79EFBC}") = "System.ServiceModel.WasHosting", "ndp\cdf\src\WCF\WasHosting\System.ServiceModel.WasHosting.csproj", "{1a946c9f-772e-4bf0-895c-153b24ced6c7}"
EndProject
Project("{FAE04EC0-301F-11D3-BF4B-00C04F79EFBC}") = "System.ServiceModel.Web", "ndp\cdf\src\NetFx35\System.ServiceModel.Web\System.ServiceModel.Web.csproj", "{edb6ae6d-db28-404b-816f-8a62364d0e44}"
EndProject
Project("{FAE04EC0-301F-11D3-BF4B-00C04F79EFBC}") = "System.Transactions", "ndp\cdf\src\NetFx20\System.Transactions\System.Transactions.csproj", "{d2a61b41-ea67-483d-ac54-45f74dcb0dde}"
EndProject
Project("{FAE04EC0-301F-11D3-BF4B-00C04F79EFBC}") = "System.Web", "ndp\fx\src\xsp\system\Web\System.Web.csproj", "{c19c6ca7-c88d-4933-9973-93c83ee6a697}"
EndProject
Project("{FAE04EC0-301F-11D3-BF4B-00C04F79EFBC}") = "System.Web.ApplicationServices", "ndp\fx\src\xsp\system\ApplicationServices\System.Web.ApplicationServices.csproj", "{6b9ae585-3812-4324-bba3-9e1c041b495b}"
EndProject
Project("{FAE04EC0-301F-11D3-BF4B-00C04F79EFBC}") = "System.Web.DynamicData", "ndp\fx\src\xsp\system\DynamicData\System.Web.DynamicData.csproj", "{011ccd1e-a516-412b-a31d-d33e7b1a82be}"
EndProject
Project("{FAE04EC0-301F-11D3-BF4B-00C04F79EFBC}") = "System.Web.Entity", "ndp\fx\src\DataWebControls\System.Web.Entity.csproj", "{8860e73c-b41e-4828-a41a-c2cd64301a6c}"
EndProject
Project("{FAE04EC0-301F-11D3-BF4B-00C04F79EFBC}") = "System.Web.Entity.Design", "ndp\fx\src\DataWebControlsDesign\System.Web.Entity.Design.csproj", "{f55f65a7-0dbb-40b2-a09e-117d1cfd3586}"
EndProject
Project("{FAE04EC0-301F-11D3-BF4B-00C04F79EFBC}") = "System.Web.Extensions", "ndp\fx\src\xsp\system\Extensions\System.Web.Extensions.csproj", "{72699b4e-e156-4447-9bf5-e2e86995fbcd}"
EndProject
Project("{FAE04EC0-301F-11D3-BF4B-00C04F79EFBC}") = "System.Web.Mobile", "ndp\fx\src\mit\System\Web\System.Web.Mobile.csproj", "{b157f0a6-4107-4577-bf40-c8b91d26d451}"
EndProject
Project("{FAE04EC0-301F-11D3-BF4B-00C04F79EFBC}") = "System.Web.Services", "ndp\cdf\src\NetFx20\System.Web.Services\System.Web.Services.csproj", "{3feea9f2-cadc-4682-8545-d121e47e6ed6}"
EndProject
Project("{FAE04EC0-301F-11D3-BF4B-00C04F79EFBC}") = "System.Windows.Forms", "ndp\fx\src\System.Windows.Forms.csproj", "{ab107739-db44-4e26-891e-3cb12ec52fe8}"
EndProject
Project("{FAE04EC0-301F-11D3-BF4B-00C04F79EFBC}") = "System.Workflow.Activities", "ndp\cdf\src\WF\Activities\System.Workflow.Activities.csproj", "{e91cce89-b532-4e17-bae3-6de53f6c349f}"
EndProject
Project("{FAE04EC0-301F-11D3-BF4B-00C04F79EFBC}") = "System.Workflow.ComponentModel", "ndp\cdf\src\WF\Common\System.Workflow.ComponentModel.csproj", "{f9954274-fdbf-4ad1-95dc-2e568f1e2842}"
EndProject
Project("{FAE04EC0-301F-11D3-BF4B-00C04F79EFBC}") = "System.Workflow.Runtime", "ndp\cdf\src\WF\RunTime\System.Workflow.Runtime.csproj", "{15cac445-4d72-4afc-bf41-972be4acdb20}"
EndProject
Project("{FAE04EC0-301F-11D3-BF4B-00C04F79EFBC}") = "System.WorkflowServices", "ndp\cdf\src\NetFx35\System.WorkflowServices\System.WorkflowServices.csproj", "{cf96748d-ae98-4774-8b1e-4dd0112af7d4}"
EndProject
Project("{FAE04EC0-301F-11D3-BF4B-00C04F79EFBC}") = "System.Xaml.Hosting", "ndp\cdf\src\NetFx40\System.Xaml.Hosting\System.Xaml.Hosting.csproj", "{0847f32a-6929-463d-a3ba-d45bfb4a3eb9}"
EndProject
Project("{FAE04EC0-301F-11D3-BF4B-00C04F79EFBC}") = "System.Xml", "ndp\fx\src\Xml\System.Xml.csproj", "{6f992f82-1c90-4388-ab60-15c653aeeca5}"
EndProject
Project("{FAE04EC0-301F-11D3-BF4B-00C04F79EFBC}") = "System.Xml.Linq", "ndp\fx\src\XLinq\System.Xml.Linq.csproj", "{f7ad8bac-760f-40d9-8759-886b9ddb7e23}"
EndProject
Project("{FAE04EC0-301F-11D3-BF4B-00C04F79EFBC}") = "UIAutomationClient", "wpf\src\UIAutomation\UIAutomationClient\UIAutomationClient.csproj", "{41f3df7d-f1f8-44c0-954e-17238996531d}"
EndProject
Project("{FAE04EC0-301F-11D3-BF4B-00C04F79EFBC}") = "UIAutomationClientsideProviders", "wpf\src\UIAutomation\Win32Providers\UIAutomationClientsideProviders.csproj", "{3b87761a-0c9e-4245-be56-a7e995c19f52}"
EndProject
Project("{FAE04EC0-301F-11D3-BF4B-00C04F79EFBC}") = "WindowsBase", "wpf\src\WindowsBase.csproj", "{9568abec-69cd-47db-8bc7-647cd12fea14}"
EndProject
Project("{FAE04EC0-301F-11D3-BF4B-00C04F79EFBC}") = "WsatConfig", "ndp\cdf\src\WCF\Tools\WsatConfig\WsatConfig.csproj", "{04e7e4c2-740f-4c5a-96c6-ce0d9ee13ed1}"
EndProject
Project("{FAE04EC0-301F-11D3-BF4B-00C04F79EFBC}") = "WsatUI", "ndp\cdf\src\WCF\Tools\WsatConfig\WsatUI.csproj", "{b1dcb488-396b-41dc-b9c6-cf736fb6f904}"
EndProject
Project("{FAE04EC0-301F-11D3-BF4B-00C04F79EFBC}") = "XamlBuildTask", "ndp\cdf\src\NetFx40\XamlBuildTask\XamlBuildTask.csproj", "{bac851b1-5479-45aa-9299-bbcd289fd252}"
EndProject
Global
    GlobalSection(SolutionConfigurationPlatforms) = preSolution
    EndGlobalSection
    GlobalSection(ProjectConfigurationPlatforms) = postSolution
    EndGlobalSection
    GlobalSection(SolutionProperties) = preSolution
        HideSolutionNode = FALSE
    EndGlobalSection
EndGlobal

